{
  "definition": "./",
  "optionals": [],
  "private": {
    "libraries": [ {
      "definition": "../",
      "hash": "4fbfa2f3368cb8d8a0cba48edda584c7dd9f0a14",
      "name": "Zefiros-Software/GoogleBenchmark",
      "repository": "https://github.com/google/benchmark.git",
      "tag": "HEAD",
      "versionRequirement": "@head"
    } ],
    "modules": [ {
      "definition": "https://github.com/Zefiros-Software/ZefirosDefaults.git",
      "hash": "66cac4a6aa7f109e0fb8ce9daaac9f4330307b46",
      "name": "Zefiros-Software/Defaults",
      "public": {
        "libraries": [ {
          "definition": "https://github.com/Zefiros-Software/GoogleTest.git",
          "hash": "b4d333f14f977b3668de4e794d7d2e00b322d59a",
          "name": "Zefiros-Software/GoogleTest",
          "repository": "https://github.com/google/googletest.git",
          "tag": "release-1.4.0",
          "version": "1.4.0",
          "versionRequirement": "@head || ^1.0.0"
        }, {
          "definition": "../",
          "hash": "4fbfa2f3368cb8d8a0cba48edda584c7dd9f0a14",
          "name": "Zefiros-Software/GoogleBenchmark",
          "repository": "https://github.com/google/benchmark.git",
          "tag": "HEAD",
          "versionRequirement": "@head"
        } ]
      },
      "repository": "https://github.com/Zefiros-Software/ZefirosDefaults.git",
      "tag": "HEAD",
      "versionRequirement": "@head"
    } ]
  },
  "repository": "./"
}